
Microsoft Visual Studio Solution File, Format Version 12.00
# Visual Studio Version 17
VisualStudioVersion = 17.3.32929.385
MinimumVisualStudioVersion = 10.0.40219.1
Project("{FAE04EC0-301F-11D3-BF4B-00C04F79EFBC}") = "Car data", "Car data\Car data.csproj", "{1C297905-625E-4B99-B5B8-DB0F058CED43}"
EndProject
Global
	GlobalSection(SolutionConfigurationPlatforms) = preSolution
		Debug|Any CPU = Debug|Any CPU
		Release|Any CPU = Release|Any CPU
	EndGlobalSection
	GlobalSection(ProjectConfigurationPlatforms) = postSolution
		{1C297905-625E-4B99-B5B8-DB0F058CED43}.Debug|Any CPU.ActiveCfg = Debug|Any CPU
		{1C297905-625E-4B99-B5B8-DB0F058CED43}.Debug|Any CPU.Build.0 = Debug|Any CPU
		{1C297905-625E-4B99-B5B8-DB0F058CED43}.Release|Any CPU.ActiveCfg = Release|Any CPU
		{1C297905-625E-4B99-B5B8-DB0F058CED43}.Release|Any CPU.Build.0 = Release|Any CPU
	EndGlobalSection
	GlobalSection(SolutionProperties) = preSolution
		HideSolutionNode = FALSE
	EndGlobalSection
	GlobalSection(ExtensibilityGlobals) = postSolution
		SolutionGuid = {A6C12B5A-44A6-4220-B9AB-A6905507C808}
	EndGlobalSection
EndGlobal
