
Microsoft Visual Studio Solution File, Format Version 12.00
# Visual Studio Version 17
VisualStudioVersion = 17.3.32929.385
MinimumVisualStudioVersion = 10.0.40219.1
Project("{FAE04EC0-301F-11D3-BF4B-00C04F79EFBC}") = "Stack queue list sortlist", "Stack queue list sortlist\Stack queue list sortlist.csproj", "{D7CAFD00-EF4A-4227-BA80-10249643E813}"
EndProject
Global
	GlobalSection(SolutionConfigurationPlatforms) = preSolution
		Debug|Any CPU = Debug|Any CPU
		Release|Any CPU = Release|Any CPU
	EndGlobalSection
	GlobalSection(ProjectConfigurationPlatforms) = postSolution
		{D7CAFD00-EF4A-4227-BA80-10249643E813}.Debug|Any CPU.ActiveCfg = Debug|Any CPU
		{D7CAFD00-EF4A-4227-BA80-10249643E813}.Debug|Any CPU.Build.0 = Debug|Any CPU
		{D7CAFD00-EF4A-4227-BA80-10249643E813}.Release|Any CPU.ActiveCfg = Release|Any CPU
		{D7CAFD00-EF4A-4227-BA80-10249643E813}.Release|Any CPU.Build.0 = Release|Any CPU
	EndGlobalSection
	GlobalSection(SolutionProperties) = preSolution
		HideSolutionNode = FALSE
	EndGlobalSection
	GlobalSection(ExtensibilityGlobals) = postSolution
		SolutionGuid = {1226ED23-642F-49D5-BBAB-A6BA57AFEA00}
	EndGlobalSection
EndGlobal
