
Microsoft Visual Studio Solution File, Format Version 12.00
# Visual Studio Version 17
VisualStudioVersion = 17.3.32929.385
MinimumVisualStudioVersion = 10.0.40219.1
Project("{FAE04EC0-301F-11D3-BF4B-00C04F79EFBC}") = "muha", "muha\muha.csproj", "{CF9814C1-7403-4957-8675-CDAAA56772FC}"
EndProject
Global
	GlobalSection(SolutionConfigurationPlatforms) = preSolution
		Debug|Any CPU = Debug|Any CPU
		Release|Any CPU = Release|Any CPU
	EndGlobalSection
	GlobalSection(ProjectConfigurationPlatforms) = postSolution
		{CF9814C1-7403-4957-8675-CDAAA56772FC}.Debug|Any CPU.ActiveCfg = Debug|Any CPU
		{CF9814C1-7403-4957-8675-CDAAA56772FC}.Debug|Any CPU.Build.0 = Debug|Any CPU
		{CF9814C1-7403-4957-8675-CDAAA56772FC}.Release|Any CPU.ActiveCfg = Release|Any CPU
		{CF9814C1-7403-4957-8675-CDAAA56772FC}.Release|Any CPU.Build.0 = Release|Any CPU
	EndGlobalSection
	GlobalSection(SolutionProperties) = preSolution
		HideSolutionNode = FALSE
	EndGlobalSection
	GlobalSection(ExtensibilityGlobals) = postSolution
		SolutionGuid = {3ABCAEB5-C12D-41DE-8C0C-A7B6302884FB}
	EndGlobalSection
EndGlobal
