
Microsoft Visual Studio Solution File, Format Version 12.00
# Visual Studio Version 17
VisualStudioVersion = 17.3.32929.385
MinimumVisualStudioVersion = 10.0.40219.1
Project("{FAE04EC0-301F-11D3-BF4B-00C04F79EFBC}") = "money", "money\money.csproj", "{223EADD8-80DD-4ACB-981F-39C01F06898C}"
EndProject
Global
	GlobalSection(SolutionConfigurationPlatforms) = preSolution
		Debug|Any CPU = Debug|Any CPU
		Release|Any CPU = Release|Any CPU
	EndGlobalSection
	GlobalSection(ProjectConfigurationPlatforms) = postSolution
		{223EADD8-80DD-4ACB-981F-39C01F06898C}.Debug|Any CPU.ActiveCfg = Debug|Any CPU
		{223EADD8-80DD-4ACB-981F-39C01F06898C}.Debug|Any CPU.Build.0 = Debug|Any CPU
		{223EADD8-80DD-4ACB-981F-39C01F06898C}.Release|Any CPU.ActiveCfg = Release|Any CPU
		{223EADD8-80DD-4ACB-981F-39C01F06898C}.Release|Any CPU.Build.0 = Release|Any CPU
	EndGlobalSection
	GlobalSection(SolutionProperties) = preSolution
		HideSolutionNode = FALSE
	EndGlobalSection
	GlobalSection(ExtensibilityGlobals) = postSolution
		SolutionGuid = {183620FE-5F39-41CA-9F38-D71CE8A826FE}
	EndGlobalSection
EndGlobal
